
Microsoft Visual Studio Solution File, Format Version 12.00
# Visual Studio 14
VisualStudioVersion = 14.0.25420.1
MinimumVisualStudioVersion = 10.0.40219.1
Project("{FAE04EC0-301F-11D3-BF4B-00C04F79EFBC}") = "Redux.net", "Redux.net\Redux.net.csproj", "{BC17AFBC-8100-4A45-8B30-D67C92019779}"
EndProject
Global
	GlobalSection(SolutionConfigurationPlatforms) = preSolution
		Debug|Any CPU = Debug|Any CPU
		Release|Any CPU = Release|Any CPU
	EndGlobalSection
	GlobalSection(ProjectConfigurationPlatforms) = postSolution
		{BC17AFBC-8100-4A45-8B30-D67C92019779}.Debug|Any CPU.ActiveCfg = Debug|Any CPU
		{BC17AFBC-8100-4A45-8B30-D67C92019779}.Debug|Any CPU.Build.0 = Debug|Any CPU
		{BC17AFBC-8100-4A45-8B30-D67C92019779}.Release|Any CPU.ActiveCfg = Release|Any CPU
		{BC17AFBC-8100-4A45-8B30-D67C92019779}.Release|Any CPU.Build.0 = Release|Any CPU
	EndGlobalSection
	GlobalSection(SolutionProperties) = preSolution
		HideSolutionNode = FALSE
	EndGlobalSection
EndGlobal
